// !$*UTF8*$!
{
	archiveVersion = 1;
	classes = {
	};
	objectVersion = 56;
	objects = {

/* Begin PBXBuildFile section */
		54178E582B0BBDB9004F5175 /* AddTaskView.swift in Sources */ = {isa = PBXBuildFile; fileRef = 54178E572B0BBDB9004F5175 /* AddTaskView.swift */; };
		54178E5A2B0BBF1E004F5175 /* FormTaskView.swift in Sources */ = {isa = PBXBuildFile; fileRef = 54178E592B0BBF1E004F5175 /* FormTaskView.swift */; };
		54178E5D2B0CFCA2004F5175 /* Task.swift in Sources */ = {isa = PBXBuildFile; fileRef = 54178E5C2B0CFCA2004F5175 /* Task.swift */; };
		54178E5F2B0D0827004F5175 /* TaskListView.swift in Sources */ = {isa = PBXBuildFile; fileRef = 54178E5E2B0D0827004F5175 /* TaskListView.swift */; };
		5436A5842B03D49100D202E5 /* structuredRevampApp.swift in Sources */ = {isa = PBXBuildFile; fileRef = 5436A5832B03D49100D202E5 /* structuredRevampApp.swift */; };
		5436A5862B03D49100D202E5 /* ContentView.swift in Sources */ = {isa = PBXBuildFile; fileRef = 5436A5852B03D49100D202E5 /* ContentView.swift */; };
		5436A5882B03D49200D202E5 /* Assets.xcassets in Resources */ = {isa = PBXBuildFile; fileRef = 5436A5872B03D49200D202E5 /* Assets.xcassets */; };
		5436A58B2B03D49200D202E5 /* Preview Assets.xcassets in Resources */ = {isa = PBXBuildFile; fileRef = 5436A58A2B03D49200D202E5 /* Preview Assets.xcassets */; };
		5436A5932B03D9C500D202E5 /* Utils.swift in Sources */ = {isa = PBXBuildFile; fileRef = 5436A5922B03D9C500D202E5 /* Utils.swift */; };
		54575FC12B04464800A9BA11 /* DataPickerView.swift in Sources */ = {isa = PBXBuildFile; fileRef = 54575FC02B04464800A9BA11 /* DataPickerView.swift */; };
		54575FC42B0458E600A9BA11 /* PopupView in Frameworks */ = {isa = PBXBuildFile; productRef = 54575FC32B0458E600A9BA11 /* PopupView */; };
		54FD56062B0513AA00537A9C /* ScrollingDaysView.swift in Sources */ = {isa = PBXBuildFile; fileRef = 54FD56052B0513AA00537A9C /* ScrollingDaysView.swift */; };
		54FD56082B05149200537A9C /* MainHeaderView.swift in Sources */ = {isa = PBXBuildFile; fileRef = 54FD56072B05149200537A9C /* MainHeaderView.swift */; };
/* End PBXBuildFile section */

/* Begin PBXFileReference section */
		54178E572B0BBDB9004F5175 /* AddTaskView.swift */ = {isa = PBXFileReference; lastKnownFileType = sourcecode.swift; path = AddTaskView.swift; sourceTree = "<group>"; };
		54178E592B0BBF1E004F5175 /* FormTaskView.swift */ = {isa = PBXFileReference; lastKnownFileType = sourcecode.swift; path = FormTaskView.swift; sourceTree = "<group>"; };
		54178E5C2B0CFCA2004F5175 /* Task.swift */ = {isa = PBXFileReference; lastKnownFileType = sourcecode.swift; path = Task.swift; sourceTree = "<group>"; };
		54178E5E2B0D0827004F5175 /* TaskListView.swift */ = {isa = PBXFileReference; lastKnownFileType = sourcecode.swift; path = TaskListView.swift; sourceTree = "<group>"; };
		5436A5802B03D49100D202E5 /* structuredRevamp.app */ = {isa = PBXFileReference; explicitFileType = wrapper.application; includeInIndex = 0; path = structuredRevamp.app; sourceTree = BUILT_PRODUCTS_DIR; };
		5436A5832B03D49100D202E5 /* structuredRevampApp.swift */ = {isa = PBXFileReference; lastKnownFileType = sourcecode.swift; path = structuredRevampApp.swift; sourceTree = "<group>"; };
		5436A5852B03D49100D202E5 /* ContentView.swift */ = {isa = PBXFileReference; lastKnownFileType = sourcecode.swift; path = ContentView.swift; sourceTree = "<group>"; };
		5436A5872B03D49200D202E5 /* Assets.xcassets */ = {isa = PBXFileReference; lastKnownFileType = folder.assetcatalog; path = Assets.xcassets; sourceTree = "<group>"; };
		5436A58A2B03D49200D202E5 /* Preview Assets.xcassets */ = {isa = PBXFileReference; lastKnownFileType = folder.assetcatalog; path = "Preview Assets.xcassets"; sourceTree = "<group>"; };
		5436A5922B03D9C500D202E5 /* Utils.swift */ = {isa = PBXFileReference; lastKnownFileType = sourcecode.swift; path = Utils.swift; sourceTree = "<group>"; };
		54575FC02B04464800A9BA11 /* DataPickerView.swift */ = {isa = PBXFileReference; lastKnownFileType = sourcecode.swift; path = DataPickerView.swift; sourceTree = "<group>"; };
		54FD56052B0513AA00537A9C /* ScrollingDaysView.swift */ = {isa = PBXFileReference; lastKnownFileType = sourcecode.swift; path = ScrollingDaysView.swift; sourceTree = "<group>"; };
		54FD56072B05149200537A9C /* MainHeaderView.swift */ = {isa = PBXFileReference; lastKnownFileType = sourcecode.swift; path = MainHeaderView.swift; sourceTree = "<group>"; };
/* End PBXFileReference section */

/* Begin PBXFrameworksBuildPhase section */
		5436A57D2B03D49100D202E5 /* Frameworks */ = {
			isa = PBXFrameworksBuildPhase;
			buildActionMask = 2147483647;
			files = (
				54575FC42B0458E600A9BA11 /* PopupView in Frameworks */,
			);
			runOnlyForDeploymentPostprocessing = 0;
		};
/* End PBXFrameworksBuildPhase section */

/* Begin PBXGroup section */
		54178E5B2B0CFC91004F5175 /* Model */ = {
			isa = PBXGroup;
			children = (
				54178E5C2B0CFCA2004F5175 /* Task.swift */,
			);
			path = Model;
			sourceTree = "<group>";
		};
		5436A5772B03D49100D202E5 = {
			isa = PBXGroup;
			children = (
				5436A5822B03D49100D202E5 /* structuredRevamp */,
				5436A5812B03D49100D202E5 /* Products */,
			);
			sourceTree = "<group>";
		};
		5436A5812B03D49100D202E5 /* Products */ = {
			isa = PBXGroup;
			children = (
				5436A5802B03D49100D202E5 /* structuredRevamp.app */,
			);
			name = Products;
			sourceTree = "<group>";
		};
		5436A5822B03D49100D202E5 /* structuredRevamp */ = {
			isa = PBXGroup;
			children = (
				54178E5B2B0CFC91004F5175 /* Model */,
				5436A5922B03D9C500D202E5 /* Utils.swift */,
				5436A5832B03D49100D202E5 /* structuredRevampApp.swift */,
				5436A5852B03D49100D202E5 /* ContentView.swift */,
				5436A5912B03D7CA00D202E5 /* Views */,
				5436A5872B03D49200D202E5 /* Assets.xcassets */,
				5436A5892B03D49200D202E5 /* Preview Content */,
			);
			path = structuredRevamp;
			sourceTree = "<group>";
		};
		5436A5892B03D49200D202E5 /* Preview Content */ = {
			isa = PBXGroup;
			children = (
				5436A58A2B03D49200D202E5 /* Preview Assets.xcassets */,
			);
			path = "Preview Content";
			sourceTree = "<group>";
		};
		5436A5912B03D7CA00D202E5 /* Views */ = {
			isa = PBXGroup;
			children = (
				54575FC02B04464800A9BA11 /* DataPickerView.swift */,
				54178E5E2B0D0827004F5175 /* TaskListView.swift */,
				54FD56052B0513AA00537A9C /* ScrollingDaysView.swift */,
				54FD56072B05149200537A9C /* MainHeaderView.swift */,
				54178E572B0BBDB9004F5175 /* AddTaskView.swift */,
				54178E592B0BBF1E004F5175 /* FormTaskView.swift */,
			);
			path = Views;
			sourceTree = "<group>";
		};
/* End PBXGroup section */

/* Begin PBXNativeTarget section */
		5436A57F2B03D49100D202E5 /* structuredRevamp */ = {
			isa = PBXNativeTarget;
			buildConfigurationList = 5436A58E2B03D49200D202E5 /* Build configuration list for PBXNativeTarget "structuredRevamp" */;
			buildPhases = (
				5436A57C2B03D49100D202E5 /* Sources */,
				5436A57D2B03D49100D202E5 /* Frameworks */,
				5436A57E2B03D49100D202E5 /* Resources */,
			);
			buildRules = (
			);
			dependencies = (
			);
			name = structuredRevamp;
			packageProductDependencies = (
				54575FC32B0458E600A9BA11 /* PopupView */,
			);
			productName = structuredRevamp;
			productReference = 5436A5802B03D49100D202E5 /* structuredRevamp.app */;
			productType = "com.apple.product-type.application";
		};
/* End PBXNativeTarget section */

/* Begin PBXProject section */
		5436A5782B03D49100D202E5 /* Project object */ = {
			isa = PBXProject;
			attributes = {
				BuildIndependentTargetsInParallel = 1;
				LastSwiftUpdateCheck = 1500;
				LastUpgradeCheck = 1500;
				TargetAttributes = {
					5436A57F2B03D49100D202E5 = {
						CreatedOnToolsVersion = 15.0;
					};
				};
			};
			buildConfigurationList = 5436A57B2B03D49100D202E5 /* Build configuration list for PBXProject "structuredRevamp" */;
			compatibilityVersion = "Xcode 14.0";
			developmentRegion = en;
			hasScannedForEncodings = 0;
			knownRegions = (
				en,
				Base,
			);
			mainGroup = 5436A5772B03D49100D202E5;
			packageReferences = (
				54575FC22B0458E600A9BA11 /* XCRemoteSwiftPackageReference "PopupView" */,
			);
			productRefGroup = 5436A5812B03D49100D202E5 /* Products */;
			projectDirPath = "";
			projectRoot = "";
			targets = (
				5436A57F2B03D49100D202E5 /* structuredRevamp */,
			);
		};
/* End PBXProject section */

/* Begin PBXResourcesBuildPhase section */
		5436A57E2B03D49100D202E5 /* Resources */ = {
			isa = PBXResourcesBuildPhase;
			buildActionMask = 2147483647;
			files = (
				5436A58B2B03D49200D202E5 /* Preview Assets.xcassets in Resources */,
				5436A5882B03D49200D202E5 /* Assets.xcassets in Resources */,
			);
			runOnlyForDeploymentPostprocessing = 0;
		};
/* End PBXResourcesBuildPhase section */

/* Begin PBXSourcesBuildPhase section */
		5436A57C2B03D49100D202E5 /* Sources */ = {
			isa = PBXSourcesBuildPhase;
			buildActionMask = 2147483647;
			files = (
				54FD56062B0513AA00537A9C /* ScrollingDaysView.swift in Sources */,
				54178E582B0BBDB9004F5175 /* AddTaskView.swift in Sources */,
				5436A5862B03D49100D202E5 /* ContentView.swift in Sources */,
				5436A5842B03D49100D202E5 /* structuredRevampApp.swift in Sources */,
				54575FC12B04464800A9BA11 /* DataPickerView.swift in Sources */,
				54FD56082B05149200537A9C /* MainHeaderView.swift in Sources */,
				5436A5932B03D9C500D202E5 /* Utils.swift in Sources */,
				54178E5F2B0D0827004F5175 /* TaskListView.swift in Sources */,
				54178E5D2B0CFCA2004F5175 /* Task.swift in Sources */,
				54178E5A2B0BBF1E004F5175 /* FormTaskView.swift in Sources */,
			);
			runOnlyForDeploymentPostprocessing = 0;
		};
/* End PBXSourcesBuildPhase section */

/* Begin XCBuildConfiguration section */
		5436A58C2B03D49200D202E5 /* Debug */ = {
			isa = XCBuildConfiguration;
			buildSettings = {
				ALWAYS_SEARCH_USER_PATHS = NO;
				ASSETCATALOG_COMPILER_GENERATE_SWIFT_ASSET_SYMBOL_EXTENSIONS = YES;
				CLANG_ANALYZER_NONNULL = YES;
				CLANG_ANALYZER_NUMBER_OBJECT_CONVERSION = YES_AGGRESSIVE;
				CLANG_CXX_LANGUAGE_STANDARD = "gnu++20";
				CLANG_ENABLE_MODULES = YES;
				CLANG_ENABLE_OBJC_ARC = YES;
				CLANG_ENABLE_OBJC_WEAK = YES;
				CLANG_WARN_BLOCK_CAPTURE_AUTORELEASING = YES;
				CLANG_WARN_BOOL_CONVERSION = YES;
				CLANG_WARN_COMMA = YES;
				CLANG_WARN_CONSTANT_CONVERSION = YES;
				CLANG_WARN_DEPRECATED_OBJC_IMPLEMENTATIONS = YES;
				CLANG_WARN_DIRECT_OBJC_ISA_USAGE = YES_ERROR;
				CLANG_WARN_DOCUMENTATION_COMMENTS = YES;
				CLANG_WARN_EMPTY_BODY = YES;
				CLANG_WARN_ENUM_CONVERSION = YES;
				CLANG_WARN_INFINITE_RECURSION = YES;
				CLANG_WARN_INT_CONVERSION = YES;
				CLANG_WARN_NON_LITERAL_NULL_CONVERSION = YES;
				CLANG_WARN_OBJC_IMPLICIT_RETAIN_SELF = YES;
				CLANG_WARN_OBJC_LITERAL_CONVERSION = YES;
				CLANG_WARN_OBJC_ROOT_CLASS = YES_ERROR;
				CLANG_WARN_QUOTED_INCLUDE_IN_FRAMEWORK_HEADER = YES;
				CLANG_WARN_RANGE_LOOP_ANALYSIS = YES;
				CLANG_WARN_STRICT_PROTOTYPES = YES;
				CLANG_WARN_SUSPICIOUS_MOVE = YES;
				CLANG_WARN_UNGUARDED_AVAILABILITY = YES_AGGRESSIVE;
				CLANG_WARN_UNREACHABLE_CODE = YES;
				CLANG_WARN__DUPLICATE_METHOD_MATCH = YES;
				COPY_PHASE_STRIP = NO;
				DEBUG_INFORMATION_FORMAT = dwarf;
				ENABLE_STRICT_OBJC_MSGSEND = YES;
				ENABLE_TESTABILITY = YES;
				ENABLE_USER_SCRIPT_SANDBOXING = YES;
				GCC_C_LANGUAGE_STANDARD = gnu17;
				GCC_DYNAMIC_NO_PIC = NO;
				GCC_NO_COMMON_BLOCKS = YES;
				GCC_OPTIMIZATION_LEVEL = 0;
				GCC_PREPROCESSOR_DEFINITIONS = (
					"DEBUG=1",
					"$(inherited)",
				);
				GCC_WARN_64_TO_32_BIT_CONVERSION = YES;
				GCC_WARN_ABOUT_RETURN_TYPE = YES_ERROR;
				GCC_WARN_UNDECLARED_SELECTOR = YES;
				GCC_WARN_UNINITIALIZED_AUTOS = YES_AGGRESSIVE;
				GCC_WARN_UNUSED_FUNCTION = YES;
				GCC_WARN_UNUSED_VARIABLE = YES;
				IPHONEOS_DEPLOYMENT_TARGET = 17.0;
				LOCALIZATION_PREFERS_STRING_CATALOGS = YES;
				MTL_ENABLE_DEBUG_INFO = INCLUDE_SOURCE;
				MTL_FAST_MATH = YES;
				ONLY_ACTIVE_ARCH = YES;
				SDKROOT = iphoneos;
				SWIFT_ACTIVE_COMPILATION_CONDITIONS = "DEBUG $(inherited)";
				SWIFT_OPTIMIZATION_LEVEL = "-Onone";
			};
			name = Debug;
		};
		5436A58D2B03D49200D202E5 /* Release */ = {
			isa = XCBuildConfiguration;
			buildSettings = {
				ALWAYS_SEARCH_USER_PATHS = NO;
				ASSETCATALOG_COMPILER_GENERATE_SWIFT_ASSET_SYMBOL_EXTENSIONS = YES;
				CLANG_ANALYZER_NONNULL = YES;
				CLANG_ANALYZER_NUMBER_OBJECT_CONVERSION = YES_AGGRESSIVE;
				CLANG_CXX_LANGUAGE_STANDARD = "gnu++20";
				CLANG_ENABLE_MODULES = YES;
				CLANG_ENABLE_OBJC_ARC = YES;
				CLANG_ENABLE_OBJC_WEAK = YES;
				CLANG_WARN_BLOCK_CAPTURE_AUTORELEASING = YES;
				CLANG_WARN_BOOL_CONVERSION = YES;
				CLANG_WARN_COMMA = YES;
				CLANG_WARN_CONSTANT_CONVERSION = YES;
				CLANG_WARN_DEPRECATED_OBJC_IMPLEMENTATIONS = YES;
				CLANG_WARN_DIRECT_OBJC_ISA_USAGE = YES_ERROR;
				CLANG_WARN_DOCUMENTATION_COMMENTS = YES;
				CLANG_WARN_EMPTY_BODY = YES;
				CLANG_WARN_ENUM_CONVERSION = YES;
				CLANG_WARN_INFINITE_RECURSION = YES;
				CLANG_WARN_INT_CONVERSION = YES;
				CLANG_WARN_NON_LITERAL_NULL_CONVERSION = YES;
				CLANG_WARN_OBJC_IMPLICIT_RETAIN_SELF = YES;
				CLANG_WARN_OBJC_LITERAL_CONVERSION = YES;
				CLANG_WARN_OBJC_ROOT_CLASS = YES_ERROR;
				CLANG_WARN_QUOTED_INCLUDE_IN_FRAMEWORK_HEADER = YES;
				CLANG_WARN_RANGE_LOOP_ANALYSIS = YES;
				CLANG_WARN_STRICT_PROTOTYPES = YES;
				CLANG_WARN_SUSPICIOUS_MOVE = YES;
				CLANG_WARN_UNGUARDED_AVAILABILITY = YES_AGGRESSIVE;
				CLANG_WARN_UNREACHABLE_CODE = YES;
				CLANG_WARN__DUPLICATE_METHOD_MATCH = YES;
				COPY_PHASE_STRIP = NO;
				DEBUG_INFORMATION_FORMAT = "dwarf-with-dsym";
				ENABLE_NS_ASSERTIONS = NO;
				ENABLE_STRICT_OBJC_MSGSEND = YES;
				ENABLE_USER_SCRIPT_SANDBOXING = YES;
				GCC_C_LANGUAGE_STANDARD = gnu17;
				GCC_NO_COMMON_BLOCKS = YES;
				GCC_WARN_64_TO_32_BIT_CONVERSION = YES;
				GCC_WARN_ABOUT_RETURN_TYPE = YES_ERROR;
				GCC_WARN_UNDECLARED_SELECTOR = YES;
				GCC_WARN_UNINITIALIZED_AUTOS = YES_AGGRESSIVE;
				GCC_WARN_UNUSED_FUNCTION = YES;
				GCC_WARN_UNUSED_VARIABLE = YES;
				IPHONEOS_DEPLOYMENT_TARGET = 17.0;
				LOCALIZATION_PREFERS_STRING_CATALOGS = YES;
				MTL_ENABLE_DEBUG_INFO = NO;
				MTL_FAST_MATH = YES;
				SDKROOT = iphoneos;
				SWIFT_COMPILATION_MODE = wholemodule;
				VALIDATE_PRODUCT = YES;
			};
			name = Release;
		};
		5436A58F2B03D49200D202E5 /* Debug */ = {
			isa = XCBuildConfiguration;
			buildSettings = {
				ASSETCATALOG_COMPILER_APPICON_NAME = AppIcon;
				ASSETCATALOG_COMPILER_GLOBAL_ACCENT_COLOR_NAME = AccentColor;
				CODE_SIGN_STYLE = Automatic;
				CURRENT_PROJECT_VERSION = 1;
				DEVELOPMENT_ASSET_PATHS = "\"structuredRevamp/Preview Content\"";
				DEVELOPMENT_TEAM = 4Y3AUCBUM3;
				ENABLE_PREVIEWS = YES;
				GENERATE_INFOPLIST_FILE = YES;
				INFOPLIST_KEY_UIApplicationSceneManifest_Generation = YES;
				INFOPLIST_KEY_UIApplicationSupportsIndirectInputEvents = YES;
				INFOPLIST_KEY_UILaunchScreen_Generation = YES;
				INFOPLIST_KEY_UISupportedInterfaceOrientations_iPad = "UIInterfaceOrientationPortrait UIInterfaceOrientationPortraitUpsideDown UIInterfaceOrientationLandscapeLeft UIInterfaceOrientationLandscapeRight";
				INFOPLIST_KEY_UISupportedInterfaceOrientations_iPhone = "UIInterfaceOrientationPortrait UIInterfaceOrientationLandscapeLeft UIInterfaceOrientationLandscapeRight";
				LD_RUNPATH_SEARCH_PATHS = (
					"$(inherited)",
					"@executable_path/Frameworks",
				);
				MARKETING_VERSION = 1.0;
				PRODUCT_BUNDLE_IDENTIFIER = me.salvatoremignano.structuredRevamp.1;
				PRODUCT_NAME = "$(TARGET_NAME)";
				SWIFT_EMIT_LOC_STRINGS = YES;
				SWIFT_VERSION = 5.0;
				TARGETED_DEVICE_FAMILY = "1,2";
			};
			name = Debug;
		};
		5436A5902B03D49200D202E5 /* Release */ = {
			isa = XCBuildConfiguration;
			buildSettings = {
				ASSETCATALOG_COMPILER_APPICON_NAME = AppIcon;
				ASSETCATALOG_COMPILER_GLOBAL_ACCENT_COLOR_NAME = AccentColor;
				CODE_SIGN_STYLE = Automatic;
				CURRENT_PROJECT_VERSION = 1;
				DEVELOPMENT_ASSET_PATHS = "\"structuredRevamp/Preview Content\"";
				DEVELOPMENT_TEAM = 4Y3AUCBUM3;
				ENABLE_PREVIEWS = YES;
				GENERATE_INFOPLIST_FILE = YES;
				INFOPLIST_KEY_UIApplicationSceneManifest_Generation = YES;
				INFOPLIST_KEY_UIApplicationSupportsIndirectInputEvents = YES;
				INFOPLIST_KEY_UILaunchScreen_Generation = YES;
				INFOPLIST_KEY_UISupportedInterfaceOrientations_iPad = "UIInterfaceOrientationPortrait UIInterfaceOrientationPortraitUpsideDown UIInterfaceOrientationLandscapeLeft UIInterfaceOrientationLandscapeRight";
				INFOPLIST_KEY_UISupportedInterfaceOrientations_iPhone = "UIInterfaceOrientationPortrait UIInterfaceOrientationLandscapeLeft UIInterfaceOrientationLandscapeRight";
				LD_RUNPATH_SEARCH_PATHS = (
					"$(inherited)",
					"@executable_path/Frameworks",
				);
				MARKETING_VERSION = 1.0;
				PRODUCT_BUNDLE_IDENTIFIER = me.salvatoremignano.structuredRevamp.1;
				PRODUCT_NAME = "$(TARGET_NAME)";
				SWIFT_EMIT_LOC_STRINGS = YES;
				SWIFT_VERSION = 5.0;
				TARGETED_DEVICE_FAMILY = "1,2";
			};
			name = Release;
		};
/* End XCBuildConfiguration section */

/* Begin XCConfigurationList section */
		5436A57B2B03D49100D202E5 /* Build configuration list for PBXProject "structuredRevamp" */ = {
			isa = XCConfigurationList;
			buildConfigurations = (
				5436A58C2B03D49200D202E5 /* Debug */,
				5436A58D2B03D49200D202E5 /* Release */,
			);
			defaultConfigurationIsVisible = 0;
			defaultConfigurationName = Release;
		};
		5436A58E2B03D49200D202E5 /* Build configuration list for PBXNativeTarget "structuredRevamp" */ = {
			isa = XCConfigurationList;
			buildConfigurations = (
				5436A58F2B03D49200D202E5 /* Debug */,
				5436A5902B03D49200D202E5 /* Release */,
			);
			defaultConfigurationIsVisible = 0;
			defaultConfigurationName = Release;
		};
/* End XCConfigurationList section */

/* Begin XCRemoteSwiftPackageReference section */
		54575FC22B0458E600A9BA11 /* XCRemoteSwiftPackageReference "PopupView" */ = {
			isa = XCRemoteSwiftPackageReference;
			repositoryURL = "https://github.com/exyte/PopupView.git";
			requirement = {
				kind = upToNextMajorVersion;
				minimumVersion = 2.8.2;
			};
		};
/* End XCRemoteSwiftPackageReference section */

/* Begin XCSwiftPackageProductDependency section */
		54575FC32B0458E600A9BA11 /* PopupView */ = {
			isa = XCSwiftPackageProductDependency;
			package = 54575FC22B0458E600A9BA11 /* XCRemoteSwiftPackageReference "PopupView" */;
			productName = PopupView;
		};
/* End XCSwiftPackageProductDependency section */
	};
	rootObject = 5436A5782B03D49100D202E5 /* Project object */;
}
